
Microsoft Visual Studio Solution File, Format Version 12.00
# Visual Studio Version 16
VisualStudioVersion = 16.0.32602.291
MinimumVisualStudioVersion = 10.0.40219.1
Project("{FAE04EC0-301F-11D3-BF4B-00C04F79EFBC}") = "ODSFiles", "ODSFiles.csproj", "{362F4EB2-0249-4880-9FB0-9E6FD66201B5}"
EndProject
Global
	GlobalSection(SolutionConfigurationPlatforms) = preSolution
		Debug|Any CPU = Debug|Any CPU
		Release|Any CPU = Release|Any CPU
	EndGlobalSection
	GlobalSection(ProjectConfigurationPlatforms) = postSolution
		{362F4EB2-0249-4880-9FB0-9E6FD66201B5}.Debug|Any CPU.ActiveCfg = Debug|Any CPU
		{362F4EB2-0249-4880-9FB0-9E6FD66201B5}.Debug|Any CPU.Build.0 = Debug|Any CPU
		{362F4EB2-0249-4880-9FB0-9E6FD66201B5}.Release|Any CPU.ActiveCfg = Release|Any CPU
		{362F4EB2-0249-4880-9FB0-9E6FD66201B5}.Release|Any CPU.Build.0 = Release|Any CPU
	EndGlobalSection
	GlobalSection(SolutionProperties) = preSolution
		HideSolutionNode = FALSE
	EndGlobalSection
	GlobalSection(ExtensibilityGlobals) = postSolution
		SolutionGuid = {62573616-893B-4023-BE94-76AA5F24DBB8}
	EndGlobalSection
EndGlobal
